
Microsoft Visual Studio Solution File, Format Version 12.00
# Visual Studio 15
VisualStudioVersion = 15.0.28307.539
MinimumVisualStudioVersion = 10.0.40219.1
Project("{FAE04EC0-301F-11D3-BF4B-00C04F79EFBC}") = "FuzzyMatch", "FuzzyMatch\FuzzyMatch.csproj", "{A65449AF-7AF3-4F6D-B055-50C415C712BF}"
EndProject
Global
	GlobalSection(SolutionConfigurationPlatforms) = preSolution
		Debug|Any CPU = Debug|Any CPU
		Release|Any CPU = Release|Any CPU
	EndGlobalSection
	GlobalSection(ProjectConfigurationPlatforms) = postSolution
		{A65449AF-7AF3-4F6D-B055-50C415C712BF}.Debug|Any CPU.ActiveCfg = Debug|Any CPU
		{A65449AF-7AF3-4F6D-B055-50C415C712BF}.Debug|Any CPU.Build.0 = Debug|Any CPU
		{A65449AF-7AF3-4F6D-B055-50C415C712BF}.Release|Any CPU.ActiveCfg = Release|Any CPU
		{A65449AF-7AF3-4F6D-B055-50C415C712BF}.Release|Any CPU.Build.0 = Release|Any CPU
	EndGlobalSection
	GlobalSection(SolutionProperties) = preSolution
		HideSolutionNode = FALSE
	EndGlobalSection
	GlobalSection(ExtensibilityGlobals) = postSolution
		SolutionGuid = {262C006F-EBD0-4150-82EA-93E03D0659F3}
	EndGlobalSection
EndGlobal
